// !$*UTF8*$!
{
	archiveVersion = 1;
	classes = {
	};
	objectVersion = 48;
	objects = {

/* Begin PBXBuildFile section */
		F22DB64D22306084005D46A5 /* Assign05P2.cpp in Sources */ = {isa = PBXBuildFile; fileRef = F22DB64C22306084005D46A5 /* Assign05P2.cpp */; };
		F22DB655223060BD005D46A5 /* cnPtrQueue.cpp in Sources */ = {isa = PBXBuildFile; fileRef = F22DB653223060BD005D46A5 /* cnPtrQueue.cpp */; };
		F22DB658223060D3005D46A5 /* nodes_LLoLL.cpp in Sources */ = {isa = PBXBuildFile; fileRef = F22DB656223060D3005D46A5 /* nodes_LLoLL.cpp */; };
/* End PBXBuildFile section */

/* Begin PBXCopyFilesBuildPhase section */
		F22DB64722306084005D46A5 /* CopyFiles */ = {
			isa = PBXCopyFilesBuildPhase;
			buildActionMask = 2147483647;
			dstPath = /usr/share/man/man1/;
			dstSubfolderSpec = 0;
			files = (
			);
			runOnlyForDeploymentPostprocessing = 1;
		};
/* End PBXCopyFilesBuildPhase section */

/* Begin PBXFileReference section */
		F22DB64922306084005D46A5 /* Assignment05B */ = {isa = PBXFileReference; explicitFileType = "compiled.mach-o.executable"; includeInIndex = 0; path = Assignment05B; sourceTree = BUILT_PRODUCTS_DIR; };
		F22DB64C22306084005D46A5 /* Assign05P2.cpp */ = {isa = PBXFileReference; lastKnownFileType = sourcecode.cpp.cpp; path = Assign05P2.cpp; sourceTree = "<group>"; };
		F22DB653223060BD005D46A5 /* cnPtrQueue.cpp */ = {isa = PBXFileReference; lastKnownFileType = sourcecode.cpp.cpp; path = cnPtrQueue.cpp; sourceTree = "<group>"; };
		F22DB654223060BD005D46A5 /* cnPtrQueue.h */ = {isa = PBXFileReference; lastKnownFileType = sourcecode.c.h; path = cnPtrQueue.h; sourceTree = "<group>"; };
		F22DB656223060D3005D46A5 /* nodes_LLoLL.cpp */ = {isa = PBXFileReference; lastKnownFileType = sourcecode.cpp.cpp; path = nodes_LLoLL.cpp; sourceTree = "<group>"; };
		F22DB657223060D3005D46A5 /* nodes_LLoLL.h */ = {isa = PBXFileReference; lastKnownFileType = sourcecode.c.h; path = nodes_LLoLL.h; sourceTree = "<group>"; };
/* End PBXFileReference section */

/* Begin PBXFrameworksBuildPhase section */
		F22DB64622306084005D46A5 /* Frameworks */ = {
			isa = PBXFrameworksBuildPhase;
			buildActionMask = 2147483647;
			files = (
			);
			runOnlyForDeploymentPostprocessing = 0;
		};
/* End PBXFrameworksBuildPhase section */

/* Begin PBXGroup section */
		F22DB64022306084005D46A5 = {
			isa = PBXGroup;
			children = (
				F22DB64B22306084005D46A5 /* Assignment05B */,
				F22DB64A22306084005D46A5 /* Products */,
			);
			sourceTree = "<group>";
		};
		F22DB64A22306084005D46A5 /* Products */ = {
			isa = PBXGroup;
			children = (
				F22DB64922306084005D46A5 /* Assignment05B */,
			);
			name = Products;
			sourceTree = "<group>";
		};
		F22DB64B22306084005D46A5 /* Assignment05B */ = {
			isa = PBXGroup;
			children = (
				F22DB64C22306084005D46A5 /* Assign05P2.cpp */,
				F22DB656223060D3005D46A5 /* nodes_LLoLL.cpp */,
				F22DB657223060D3005D46A5 /* nodes_LLoLL.h */,
				F22DB653223060BD005D46A5 /* cnPtrQueue.cpp */,
				F22DB654223060BD005D46A5 /* cnPtrQueue.h */,
			);
			path = Assignment05B;
			sourceTree = "<group>";
		};
/* End PBXGroup section */

/* Begin PBXNativeTarget section */
		F22DB64822306084005D46A5 /* Assignment05B */ = {
			isa = PBXNativeTarget;
			buildConfigurationList = F22DB65022306084005D46A5 /* Build configuration list for PBXNativeTarget "Assignment05B" */;
			buildPhases = (
				F22DB64522306084005D46A5 /* Sources */,
				F22DB64622306084005D46A5 /* Frameworks */,
				F22DB64722306084005D46A5 /* CopyFiles */,
			);
			buildRules = (
			);
			dependencies = (
			);
			name = Assignment05B;
			productName = Assignment05B;
			productReference = F22DB64922306084005D46A5 /* Assignment05B */;
			productType = "com.apple.product-type.tool";
		};
/* End PBXNativeTarget section */

/* Begin PBXProject section */
		F22DB64122306084005D46A5 /* Project object */ = {
			isa = PBXProject;
			attributes = {
				LastUpgradeCheck = 0910;
				ORGANIZATIONNAME = "Aravind Adric";
				TargetAttributes = {
					F22DB64822306084005D46A5 = {
						CreatedOnToolsVersion = 9.1;
						ProvisioningStyle = Automatic;
					};
				};
			};
			buildConfigurationList = F22DB64422306084005D46A5 /* Build configuration list for PBXProject "Assignment05B" */;
			compatibilityVersion = "Xcode 8.0";
			developmentRegion = en;
			hasScannedForEncodings = 0;
			knownRegions = (
				en,
			);
			mainGroup = F22DB64022306084005D46A5;
			productRefGroup = F22DB64A22306084005D46A5 /* Products */;
			projectDirPath = "";
			projectRoot = "";
			targets = (
				F22DB64822306084005D46A5 /* Assignment05B */,
			);
		};
/* End PBXProject section */

/* Begin PBXSourcesBuildPhase section */
		F22DB64522306084005D46A5 /* Sources */ = {
			isa = PBXSourcesBuildPhase;
			buildActionMask = 2147483647;
			files = (
				F22DB658223060D3005D46A5 /* nodes_LLoLL.cpp in Sources */,
				F22DB64D22306084005D46A5 /* Assign05P2.cpp in Sources */,
				F22DB655223060BD005D46A5 /* cnPtrQueue.cpp in Sources */,
			);
			runOnlyForDeploymentPostprocessing = 0;
		};
/* End PBXSourcesBuildPhase section */

/* Begin XCBuildConfiguration section */
		F22DB64E22306084005D46A5 /* Debug */ = {
			isa = XCBuildConfiguration;
			buildSettings = {
				ALWAYS_SEARCH_USER_PATHS = NO;
				CLANG_ANALYZER_NONNULL = YES;
				CLANG_ANALYZER_NUMBER_OBJECT_CONVERSION = YES_AGGRESSIVE;
				CLANG_CXX_LANGUAGE_STANDARD = "gnu++14";
				CLANG_CXX_LIBRARY = "libc++";
				CLANG_ENABLE_MODULES = YES;
				CLANG_ENABLE_OBJC_ARC = YES;
				CLANG_WARN_BLOCK_CAPTURE_AUTORELEASING = YES;
				CLANG_WARN_BOOL_CONVERSION = YES;
				CLANG_WARN_COMMA = YES;
				CLANG_WARN_CONSTANT_CONVERSION = YES;
				CLANG_WARN_DIRECT_OBJC_ISA_USAGE = YES_ERROR;
				CLANG_WARN_DOCUMENTATION_COMMENTS = YES;
				CLANG_WARN_EMPTY_BODY = YES;
				CLANG_WARN_ENUM_CONVERSION = YES;
				CLANG_WARN_INFINITE_RECURSION = YES;
				CLANG_WARN_INT_CONVERSION = YES;
				CLANG_WARN_NON_LITERAL_NULL_CONVERSION = YES;
				CLANG_WARN_OBJC_LITERAL_CONVERSION = YES;
				CLANG_WARN_OBJC_ROOT_CLASS = YES_ERROR;
				CLANG_WARN_RANGE_LOOP_ANALYSIS = YES;
				CLANG_WARN_STRICT_PROTOTYPES = YES;
				CLANG_WARN_SUSPICIOUS_MOVE = YES;
				CLANG_WARN_UNGUARDED_AVAILABILITY = YES_AGGRESSIVE;
				CLANG_WARN_UNREACHABLE_CODE = YES;
				CLANG_WARN__DUPLICATE_METHOD_MATCH = YES;
				CODE_SIGN_IDENTITY = "-";
				COPY_PHASE_STRIP = NO;
				DEBUG_INFORMATION_FORMAT = dwarf;
				ENABLE_STRICT_OBJC_MSGSEND = YES;
				ENABLE_TESTABILITY = YES;
				GCC_C_LANGUAGE_STANDARD = gnu11;
				GCC_DYNAMIC_NO_PIC = NO;
				GCC_NO_COMMON_BLOCKS = YES;
				GCC_OPTIMIZATION_LEVEL = 0;
				GCC_PREPROCESSOR_DEFINITIONS = (
					"DEBUG=1",
					"$(inherited)",
				);
				GCC_WARN_64_TO_32_BIT_CONVERSION = YES;
				GCC_WARN_ABOUT_RETURN_TYPE = YES_ERROR;
				GCC_WARN_UNDECLARED_SELECTOR = YES;
				GCC_WARN_UNINITIALIZED_AUTOS = YES_AGGRESSIVE;
				GCC_WARN_UNUSED_FUNCTION = YES;
				GCC_WARN_UNUSED_VARIABLE = YES;
				MACOSX_DEPLOYMENT_TARGET = 10.14;
				MTL_ENABLE_DEBUG_INFO = YES;
				ONLY_ACTIVE_ARCH = YES;
				SDKROOT = macosx;
			};
			name = Debug;
		};
		F22DB64F22306084005D46A5 /* Release */ = {
			isa = XCBuildConfiguration;
			buildSettings = {
				ALWAYS_SEARCH_USER_PATHS = NO;
				CLANG_ANALYZER_NONNULL = YES;
				CLANG_ANALYZER_NUMBER_OBJECT_CONVERSION = YES_AGGRESSIVE;
				CLANG_CXX_LANGUAGE_STANDARD = "gnu++14";
				CLANG_CXX_LIBRARY = "libc++";
				CLANG_ENABLE_MODULES = YES;
				CLANG_ENABLE_OBJC_ARC = YES;
				CLANG_WARN_BLOCK_CAPTURE_AUTORELEASING = YES;
				CLANG_WARN_BOOL_CONVERSION = YES;
				CLANG_WARN_COMMA = YES;
				CLANG_WARN_CONSTANT_CONVERSION = YES;
				CLANG_WARN_DIRECT_OBJC_ISA_USAGE = YES_ERROR;
				CLANG_WARN_DOCUMENTATION_COMMENTS = YES;
				CLANG_WARN_EMPTY_BODY = YES;
				CLANG_WARN_ENUM_CONVERSION = YES;
				CLANG_WARN_INFINITE_RECURSION = YES;
				CLANG_WARN_INT_CONVERSION = YES;
				CLANG_WARN_NON_LITERAL_NULL_CONVERSION = YES;
				CLANG_WARN_OBJC_LITERAL_CONVERSION = YES;
				CLANG_WARN_OBJC_ROOT_CLASS = YES_ERROR;
				CLANG_WARN_RANGE_LOOP_ANALYSIS = YES;
				CLANG_WARN_STRICT_PROTOTYPES = YES;
				CLANG_WARN_SUSPICIOUS_MOVE = YES;
				CLANG_WARN_UNGUARDED_AVAILABILITY = YES_AGGRESSIVE;
				CLANG_WARN_UNREACHABLE_CODE = YES;
				CLANG_WARN__DUPLICATE_METHOD_MATCH = YES;
				CODE_SIGN_IDENTITY = "-";
				COPY_PHASE_STRIP = NO;
				DEBUG_INFORMATION_FORMAT = "dwarf-with-dsym";
				ENABLE_NS_ASSERTIONS = NO;
				ENABLE_STRICT_OBJC_MSGSEND = YES;
				GCC_C_LANGUAGE_STANDARD = gnu11;
				GCC_NO_COMMON_BLOCKS = YES;
				GCC_WARN_64_TO_32_BIT_CONVERSION = YES;
				GCC_WARN_ABOUT_RETURN_TYPE = YES_ERROR;
				GCC_WARN_UNDECLARED_SELECTOR = YES;
				GCC_WARN_UNINITIALIZED_AUTOS = YES_AGGRESSIVE;
				GCC_WARN_UNUSED_FUNCTION = YES;
				GCC_WARN_UNUSED_VARIABLE = YES;
				MACOSX_DEPLOYMENT_TARGET = 10.14;
				MTL_ENABLE_DEBUG_INFO = NO;
				SDKROOT = macosx;
			};
			name = Release;
		};
		F22DB65122306084005D46A5 /* Debug */ = {
			isa = XCBuildConfiguration;
			buildSettings = {
				CODE_SIGN_STYLE = Automatic;
				PRODUCT_NAME = "$(TARGET_NAME)";
			};
			name = Debug;
		};
		F22DB65222306084005D46A5 /* Release */ = {
			isa = XCBuildConfiguration;
			buildSettings = {
				CODE_SIGN_STYLE = Automatic;
				PRODUCT_NAME = "$(TARGET_NAME)";
			};
			name = Release;
		};
/* End XCBuildConfiguration section */

/* Begin XCConfigurationList section */
		F22DB64422306084005D46A5 /* Build configuration list for PBXProject "Assignment05B" */ = {
			isa = XCConfigurationList;
			buildConfigurations = (
				F22DB64E22306084005D46A5 /* Debug */,
				F22DB64F22306084005D46A5 /* Release */,
			);
			defaultConfigurationIsVisible = 0;
			defaultConfigurationName = Release;
		};
		F22DB65022306084005D46A5 /* Build configuration list for PBXNativeTarget "Assignment05B" */ = {
			isa = XCConfigurationList;
			buildConfigurations = (
				F22DB65122306084005D46A5 /* Debug */,
				F22DB65222306084005D46A5 /* Release */,
			);
			defaultConfigurationIsVisible = 0;
			defaultConfigurationName = Release;
		};
/* End XCConfigurationList section */
	};
	rootObject = F22DB64122306084005D46A5 /* Project object */;
}
